lockfileVersion: 5.3

specifiers:
  '@autolib/auto': ^1.34.36
  acorn: ^8.8.0
  acorn-jsx: ^5.3.2
  astring: ^1.8.3
  estree-walker: 2.0.2
  xtend: ^4.0.2

dependencies:
  '@autolib/auto': 1.34.36
  acorn: 8.8.0
  acorn-jsx: 5.3.2_acorn@8.8.0
  astring: 1.8.3
  estree-walker: 2.0.2
  xtend: 4.0.2

packages:

  /@autolib/auto/1.34.36:
    resolution: {integrity: sha512-h1ImhNFnfXxRK8qi0A4QoT060RSN9xi1r245bPZ8UmWhxueo1vhQbYMS4dMIq9fPxLebXnY8P1DvRz+D+wXgwQ==}
    dev: false

  /acorn-jsx/5.3.2_acorn@8.8.0:
    resolution: {integrity: sha512-rq9s+JNhf0IChjtDXxllJ7g41oZk5SlXtp0LHwyA5cejwn7vKmKp4pPri6YEePv2PU65sAsegbXtIinmDFDXgQ==}
    peerDependencies:
      acorn: ^6.0.0 || ^7.0.0 || ^8.0.0
    dependencies:
      acorn: 8.8.0
    dev: false

  /acorn/8.8.0:
    resolution: {integrity: sha512-QOxyigPVrpZ2GXT+PFyZTl6TtOFc5egxHIP9IlQ+RbupQuX4RkT/Bee4/kQuC02Xkzg84JcT7oLYtDIQxp+v7w==}
    engines: {node: '>=0.4.0'}
    hasBin: true
    dev: false

  /astring/1.8.3:
    resolution: {integrity: sha512-sRpyiNrx2dEYIMmUXprS8nlpRg2Drs8m9ElX9vVEXaCB4XEAJhKfs7IcX0IwShjuOAjLR6wzIrgoptz1n19i1A==}
    hasBin: true
    dev: false

  /estree-walker/2.0.2:
    resolution: {integrity: sha512-Rfkk/Mp/DL7JVje3u18FxFujQlTNR2q6QfMSMB7AvCBx91NGj/ba3kCfza0f6dVDbw7YlRf/nDrn7pQrCCyQ/w==}
    dev: false

  /xtend/4.0.2:
    resolution: {integrity: sha512-LKYU1iAXJXUgAXn9URjiu+MWhyUXHsvfp7mcuYm9dSUKK0/CjtrUwFAxD82/mCWbtLsGjFIad0wIsod4zrTAEQ==}
    engines: {node: '>=0.4'}
    dev: false
